dependencies:
- name: crd
  repository: https://neuvector.github.io/neuvector-helm/
  version: 2.8.10
- name: core
  repository: https://neuvector.github.io/neuvector-helm/
  version: 2.8.10
- name: monitor
  repository: https://neuvector.github.io/neuvector-helm/
  version: 2.8.10
- name: bb-common
  repository: oci://registry1.dso.mil/bigbang
  version: 0.14.0
- name: gluon
  repository: oci://registry1.dso.mil/bigbang
  version: 0.9.8
digest: sha256:394928e0357e96c4ebea6684e3b4195498c1a3f49d72fb1972999af226e3315c
generated: "2026-02-10T07:29:38.538989874Z"
