dependencies:
- name: monitor
  repository: https://neuvector.github.io/neuvector-helm/
  version: 2.8.5
- name: gluon
  repository: oci://registry1.dso.mil/bigbang
  version: 0.5.15
digest: sha256:2a9a893597f38fa89263e28e0ead801cfff8470c6437606a351f38a0e70563dd
generated: "2025-04-09T12:55:29.619523-04:00"
